
Microsoft Visual Studio Solution File, Format Version 12.00
# Visual Studio Version 17
VisualStudioVersion = 17.2.32630.192
MinimumVisualStudioVersion = 10.0.40219.1
Project("{FAE04EC0-301F-11D3-BF4B-00C04F79EFBC}") = "HighOnLifeTrainer", "HighOnLifeTrainer\HighOnLifeTrainer.csproj", "{4ED9C607-4AE8-490E-A4D5-A0F7DD087B25}"
EndProject
Global
	GlobalSection(SolutionConfigurationPlatforms) = preSolution
		Debug|Any CPU = Debug|Any CPU
		Release|Any CPU = Release|Any CPU
	EndGlobalSection
	GlobalSection(ProjectConfigurationPlatforms) = postSolution
		{4ED9C607-4AE8-490E-A4D5-A0F7DD087B25}.Debug|Any CPU.ActiveCfg = Debug|Any CPU
		{4ED9C607-4AE8-490E-A4D5-A0F7DD087B25}.Debug|Any CPU.Build.0 = Debug|Any CPU
		{4ED9C607-4AE8-490E-A4D5-A0F7DD087B25}.Release|Any CPU.ActiveCfg = Release|Any CPU
		{4ED9C607-4AE8-490E-A4D5-A0F7DD087B25}.Release|Any CPU.Build.0 = Release|Any CPU
	EndGlobalSection
	GlobalSection(SolutionProperties) = preSolution
		HideSolutionNode = FALSE
	EndGlobalSection
	GlobalSection(ExtensibilityGlobals) = postSolution
		SolutionGuid = {1CA914F0-2902-477F-88BE-66806472DF40}
	EndGlobalSection
EndGlobal
